Microsoft Visual Studio Solution File, Format Version 12.00
# Visual Studio Version 17
VisualStudioVersion = 17.5.2.0
MinimumVisualStudioVersion = 10.0.40219.1
Project("{FAE04EC0-301F-11D3-BF4B-00C04F79EFBC}") = "EvaluadorInteligente", "EvaluadorInteligente.csproj", "{6F8F1F9C-3F16-0F02-BBCD-57AC63E0C00E}"
EndProject
Global
	GlobalSection(SolutionConfigurationPlatforms) = preSolution
		Debug|Any CPU = Debug|Any CPU
		Release|Any CPU = Release|Any CPU
	EndGlobalSection
	GlobalSection(ProjectConfigurationPlatforms) = postSolution
		{6F8F1F9C-3F16-0F02-BBCD-57AC63E0C00E}.Debug|Any CPU.ActiveCfg = Debug|Any CPU
		{6F8F1F9C-3F16-0F02-BBCD-57AC63E0C00E}.Debug|Any CPU.Build.0 = Debug|Any CPU
		{6F8F1F9C-3F16-0F02-BBCD-57AC63E0C00E}.Release|Any CPU.ActiveCfg = Release|Any CPU
		{6F8F1F9C-3F16-0F02-BBCD-57AC63E0C00E}.Release|Any CPU.Build.0 = Release|Any CPU
	EndGlobalSection
	GlobalSection(SolutionProperties) = preSolution
		HideSolutionNode = FALSE
	EndGlobalSection
	GlobalSection(ExtensibilityGlobals) = postSolution
		SolutionGuid = {995D9F26-77A3-453E-BF3D-D45DAED3BE36}
	EndGlobalSection
EndGlobal
